
Microsoft Visual Studio Solution File, Format Version 12.00
# Visual Studio Version 16
VisualStudioVersion = 16.0.30114.105
MinimumVisualStudioVersion = 10.0.40219.1
Project("{FAE04EC0-301F-11D3-BF4B-00C04F79EFBC}") = "Chapter2Studio", "Chapter2Studio\Chapter2Studio.csproj", "{4C380498-F734-4CD3-91B1-2655660EEAA9}"
EndProject
Global
	GlobalSection(SolutionConfigurationPlatforms) = preSolution
		Debug|Any CPU = Debug|Any CPU
		Release|Any CPU = Release|Any CPU
	EndGlobalSection
	GlobalSection(ProjectConfigurationPlatforms) = postSolution
		{4C380498-F734-4CD3-91B1-2655660EEAA9}.Debug|Any CPU.ActiveCfg = Debug|Any CPU
		{4C380498-F734-4CD3-91B1-2655660EEAA9}.Debug|Any CPU.Build.0 = Debug|Any CPU
		{4C380498-F734-4CD3-91B1-2655660EEAA9}.Release|Any CPU.ActiveCfg = Release|Any CPU
		{4C380498-F734-4CD3-91B1-2655660EEAA9}.Release|Any CPU.Build.0 = Release|Any CPU
	EndGlobalSection
	GlobalSection(SolutionProperties) = preSolution
		HideSolutionNode = FALSE
	EndGlobalSection
	GlobalSection(ExtensibilityGlobals) = postSolution
		SolutionGuid = {9F330008-50B8-49F5-974D-653987B8BF3E}
	EndGlobalSection
EndGlobal
